
Microsoft Visual Studio Solution File, Format Version 12.00
# Visual Studio Version 17
VisualStudioVersion = 17.14.36518.9 d17.14
MinimumVisualStudioVersion = 10.0.40219.1
Project("{FAE04EC0-301F-11D3-BF4B-00C04F79EFBC}") = "SitioWebDePeliculas", "SitioWebDePeliculas.csproj", "{FC1743CA-EC36-4945-BDF7-8C8587CF394A}"
EndProject
Global
	GlobalSection(SolutionConfigurationPlatforms) = preSolution
		Debug|Any CPU = Debug|Any CPU
		Release|Any CPU = Release|Any CPU
	EndGlobalSection
	GlobalSection(ProjectConfigurationPlatforms) = postSolution
		{FC1743CA-EC36-4945-BDF7-8C8587CF394A}.Debug|Any CPU.ActiveCfg = Debug|Any CPU
		{FC1743CA-EC36-4945-BDF7-8C8587CF394A}.Debug|Any CPU.Build.0 = Debug|Any CPU
		{FC1743CA-EC36-4945-BDF7-8C8587CF394A}.Release|Any CPU.ActiveCfg = Release|Any CPU
		{FC1743CA-EC36-4945-BDF7-8C8587CF394A}.Release|Any CPU.Build.0 = Release|Any CPU
	EndGlobalSection
	GlobalSection(SolutionProperties) = preSolution
		HideSolutionNode = FALSE
	EndGlobalSection
	GlobalSection(ExtensibilityGlobals) = postSolution
		SolutionGuid = {E6220178-ABC7-4F06-91F7-E9FE7F0087B7}
	EndGlobalSection
EndGlobal
